{
  "version": 4,
  "terraform_version": "1.6.3",
  "serial": 3,
  "lineage": "ced560d0-bbee-a49a-2585-553ad71543b6",
  "outputs": {},
  "resources": [
    {
      "mode": "managed",
      "type": "esxi_guest",
      "name": "Default",
      "provider": "provider[\"registry.terraform.io/josenk/esxi\"]",
      "instances": [
        {
          "status": "tainted",
          "schema_version": 0,
          "attributes": {
            "boot_disk_size": null,
            "boot_disk_type": "thin",
            "boot_firmware": "bios",
            "clone_from_vm": null,
            "disk_store": "datastore1",
            "guest_name": "vmtest05",
            "guest_shutdown_timeout": 20,
            "guest_startup_timeout": 120,
            "guestinfo": null,
            "guestos": null,
            "host_ovf": null,
            "id": "101",
            "ip_address": null,
            "memsize": null,
            "network_interfaces": [
              {
                "mac_address": "",
                "nic_type": "",
                "virtual_network": "PfSense_LAN"
              }
            ],
            "notes": null,
            "numvcpus": null,
            "ovf_properties": [],
            "ovf_properties_timer": 90,
            "ovf_source": "/home/corentin/Ansible/Infra-Windows-Server/packer/debian/output-debian_12-2/debian-12.2.ova",
            "power": null,
            "resource_pool_name": "/",
            "virthwver": null,
            "virtual_disks": []
          },
          "sensitive_attributes": [],
          "private": "bnVsbA=="
        }
      ]
    }
  ],
  "check_results": null
}
